{
  "version": 4,
  "terraform_version": "0.12.20",
  "serial": 405,
  "lineage": "73af1e18-d354-b78b-4942-1be495f77b5b",
  "outputs": {
    "ngwt-instance": {
      "value": "52.116.132.74",
      "type": "string"
    },
    "private-instance": {
      "value": "10.240.0.12",
      "type": "string"
    },
    "private_sub-ipv4_cidr_block": {
      "value": "10.240.0.8/29",
      "type": "string"
    },
    "public_sub-ipv4_cidr_block": {
      "value": "10.240.0.0/29",
      "type": "string"
    }
  },
  "resources": [
    {
      "mode": "data",
      "type": "ibm_resource_group",
      "name": "Training",
      "provider": "provider.ibm",
      "instances": [
        {
          "schema_version": 0,
          "attributes": {
            "id": "fef8a58a10a945819e5d0a4027ebdb39",
            "is_default": false,
            "name": "Training"
          }
        }
      ]
    },
    {
      "mode": "managed",
      "type": "ibm_is_floating_ip",
      "name": "nat_gwt_instance_floating_ip",
      "provider": "provider.ibm",
      "instances": [
        {
          "schema_version": 0,
          "attributes": {
            "address": "52.116.132.74",
            "id": "r006-589c1d8b-1cf7-4332-a9bd-941d4b12f7a8",
            "name": "dev-pf-itops-nat-gwt-flt-ip",
            "resource_controller_url": "https://cloud.ibm.com/vpc-ext/network/floatingIPs",
            "resource_crn": "crn:v1:bluemix:public:is:us-south-1:a/a3c1da9c4e4a4cdaaa92d1edeb7f4868::floating-ip:r006-589c1d8b-1cf7-4332-a9bd-941d4b12f7a8",
            "resource_group": "fef8a58a10a945819e5d0a4027ebdb39",
            "resource_group_name": "Training",
            "resource_name": "dev-pf-itops-nat-gwt-flt-ip",
            "resource_status": "available",
            "status": "available",
            "target": "0717-43268113-e0cd-404b-8f42-a0cb4634668d",
            "timeouts": null,
            "zone": "us-south-1"
          },
          "private": "eyJlMmJmYjczMC1lY2FhLTExZTYtOGY4OC0zNDM2M2JjN2M0YzAiOnsiY3JlYXRlIjo2MDAwMDAwMDAwMDAsImRlbGV0ZSI6NjAwMDAwMDAwMDAwfX0=",
          "dependencies": [
            "ibm_is_instance.nat_gwt_instance",
            "ibm_is_security_group.public",
            "ibm_is_ssh_key.ssh_Key",
            "ibm_is_subnet.public",
            "ibm_is_vpc.PF_ITOPS_vpc"
          ]
        }
      ]
    },
    {
      "mode": "managed",
      "type": "ibm_is_instance",
      "name": "nat_gwt_instance",
      "provider": "provider.ibm",
      "instances": [
        {
          "schema_version": 0,
          "attributes": {
            "boot_volume": [
              {
                "encryption": "",
                "iops": 3000,
                "name": "volume-attachment",
                "profile": "general-purpose",
                "size": 100
              }
            ],
            "generation": null,
            "gpu": [],
            "id": "0717_4476e82b-19eb-4855-8e90-2a60dbea1ba5",
            "image": "r006-d2f5be47-f7fb-4e6e-b4ab-87734fd8d12b",
            "keys": [
              "r006-62488109-1522-4212-a0f7-9f9a61396c32"
            ],
            "memory": 4,
            "name": "dev-pf-itops-nat-gwt",
            "network_interfaces": [],
            "primary_network_interface": [
              {
                "id": "0717-43268113-e0cd-404b-8f42-a0cb4634668d",
                "name": "eth0",
                "port_speed": 0,
                "primary_ipv4_address": "10.240.0.4",
                "security_groups": [
                  "r006-f8f8158c-e95c-408a-8ce6-0f2a6fe4271f"
                ],
                "subnet": "0717-452ad039-cf98-4b49-8c46-26699cd7a0bd"
              }
            ],
            "profile": "cp2-2x4",
            "resource_controller_url": "https://cloud.ibm.com/vpc-ext/compute/vs",
            "resource_crn": "crn:v1:bluemix:public:is:us-south-1:a/a3c1da9c4e4a4cdaaa92d1edeb7f4868::instance:0717_4476e82b-19eb-4855-8e90-2a60dbea1ba5",
            "resource_group": "fef8a58a10a945819e5d0a4027ebdb39",
            "resource_group_name": "Training",
            "resource_name": "dev-pf-itops-nat-gwt",
            "resource_status": "running",
            "status": "running",
            "tags": [],
            "timeouts": null,
            "user_data": "#!/bin/bash\nsysctl -w net.ipv4.ip_forward=1\n/sbin/iptables -t nat -A POSTROUTING -o enp0s1 -j MASQUERADE",
            "vcpu": [
              {
                "architecture": "power",
                "count": 2
              }
            ],
            "volume_attachments": [
              {
                "id": "0717-de04500d-4e99-4483-a5f7-6b63dba2cfd3",
                "name": "volume-attachment",
                "volume_crn": "crn:v1:bluemix:public:is:us-south-1:a/a3c1da9c4e4a4cdaaa92d1edeb7f4868::volume:r006-a9ee5efe-4f2d-11ea-ad7c-feff0b330b1c",
                "volume_id": "r006-a9ee5efe-4f2d-11ea-ad7c-feff0b330b1c",
                "volume_name": "tusk-happiness-skeptic-autistic-ideally-reckless"
              }
            ],
            "volumes": null,
            "vpc": "r006-905aca01-a59f-4001-954a-e2dff2e96377",
            "zone": "us-south-1"
          },
          "private": "eyJlMmJmYjczMC1lY2FhLTExZTYtOGY4OC0zNDM2M2JjN2M0YzAiOnsiY3JlYXRlIjozNjAwMDAwMDAwMDAwLCJkZWxldGUiOjM2MDAwMDAwMDAwMDB9fQ==",
          "dependencies": [
            "ibm_is_security_group.public",
            "ibm_is_ssh_key.ssh_Key",
            "ibm_is_subnet.public",
            "ibm_is_vpc.PF_ITOPS_vpc"
          ]
        }
      ]
    },
    {
      "mode": "managed",
      "type": "ibm_is_instance",
      "name": "private_instance",
      "provider": "provider.ibm",
      "instances": [
        {
          "schema_version": 0,
          "attributes": {
            "boot_volume": [
              {
                "encryption": "",
                "iops": 3000,
                "name": "volume-attachment",
                "profile": "general-purpose",
                "size": 100
              }
            ],
            "generation": null,
            "gpu": [],
            "id": "0717_bd3b7274-7f90-4759-a142-344b8591fccd",
            "image": "r006-d2f5be47-f7fb-4e6e-b4ab-87734fd8d12b",
            "keys": [
              "r006-62488109-1522-4212-a0f7-9f9a61396c32"
            ],
            "memory": 4,
            "name": "dev-pf-itops-private",
            "network_interfaces": [],
            "primary_network_interface": [
              {
                "id": "0717-70ff7e99-0512-4141-a12c-011984af7e32",
                "name": "eth0",
                "port_speed": 0,
                "primary_ipv4_address": "10.240.0.12",
                "security_groups": [
                  "r006-a277af52-271f-4229-b48f-b683a7e24517"
                ],
                "subnet": "0717-1323d79a-1a22-497d-8748-e42b6ccdc68d"
              }
            ],
            "profile": "cp2-2x4",
            "resource_controller_url": "https://cloud.ibm.com/vpc-ext/compute/vs",
            "resource_crn": "crn:v1:bluemix:public:is:us-south-1:a/a3c1da9c4e4a4cdaaa92d1edeb7f4868::instance:0717_bd3b7274-7f90-4759-a142-344b8591fccd",
            "resource_group": "fef8a58a10a945819e5d0a4027ebdb39",
            "resource_group_name": "Training",
            "resource_name": "dev-pf-itops-private",
            "resource_status": "running",
            "status": "running",
            "tags": [],
            "timeouts": null,
            "user_data": null,
            "vcpu": [
              {
                "architecture": "power",
                "count": 2
              }
            ],
            "volume_attachments": [
              {
                "id": "0717-0211d8c6-af87-4172-9738-b92a9f9d6ec6",
                "name": "volume-attachment",
                "volume_crn": "crn:v1:bluemix:public:is:us-south-1:a/a3c1da9c4e4a4cdaaa92d1edeb7f4868::volume:r006-b182514c-4f2d-11ea-ad7c-feff0b330b1c",
                "volume_id": "r006-b182514c-4f2d-11ea-ad7c-feff0b330b1c",
                "volume_name": "clarinet-coping-smother-thwarting-engine-succulent"
              }
            ],
            "volumes": null,
            "vpc": "r006-905aca01-a59f-4001-954a-e2dff2e96377",
            "zone": "us-south-1"
          },
          "private": "eyJlMmJmYjczMC1lY2FhLTExZTYtOGY4OC0zNDM2M2JjN2M0YzAiOnsiY3JlYXRlIjozNjAwMDAwMDAwMDAwLCJkZWxldGUiOjM2MDAwMDAwMDAwMDB9fQ==",
          "dependencies": [
            "ibm_is_security_group.private",
            "ibm_is_ssh_key.ssh_Key",
            "ibm_is_subnet.private",
            "ibm_is_vpc.PF_ITOPS_vpc"
          ]
        }
      ]
    },
    {
      "mode": "managed",
      "type": "ibm_is_security_group",
      "name": "private",
      "provider": "provider.ibm",
      "instances": [
        {
          "schema_version": 0,
          "attributes": {
            "id": "r006-a277af52-271f-4229-b48f-b683a7e24517",
            "name": "dev-pf-itops-private-sg",
            "resource_controller_url": "https://cloud.ibm.com/vpc-ext/network/securityGroups",
            "resource_crn": "crn:v1:bluemix:public:is:us-south:a/a3c1da9c4e4a4cdaaa92d1edeb7f4868::security-group:r006-a277af52-271f-4229-b48f-b683a7e24517",
            "resource_group": "fef8a58a10a945819e5d0a4027ebdb39",
            "resource_group_name": "Training",
            "resource_name": "dev-pf-itops-private-sg",
            "rules": [],
            "vpc": "r006-905aca01-a59f-4001-954a-e2dff2e96377"
          },
          "private": "bnVsbA==",
          "dependencies": [
            "ibm_is_vpc.PF_ITOPS_vpc"
          ]
        }
      ]
    },
    {
      "mode": "managed",
      "type": "ibm_is_security_group",
      "name": "public",
      "provider": "provider.ibm",
      "instances": [
        {
          "schema_version": 0,
          "attributes": {
            "id": "r006-f8f8158c-e95c-408a-8ce6-0f2a6fe4271f",
            "name": "dev-pf-itops-public-sg",
            "resource_controller_url": "https://cloud.ibm.com/vpc-ext/network/securityGroups",
            "resource_crn": "crn:v1:bluemix:public:is:us-south:a/a3c1da9c4e4a4cdaaa92d1edeb7f4868::security-group:r006-f8f8158c-e95c-408a-8ce6-0f2a6fe4271f",
            "resource_group": "fef8a58a10a945819e5d0a4027ebdb39",
            "resource_group_name": "Training",
            "resource_name": "dev-pf-itops-public-sg",
            "rules": [],
            "vpc": "r006-905aca01-a59f-4001-954a-e2dff2e96377"
          },
          "private": "bnVsbA==",
          "dependencies": [
            "ibm_is_vpc.PF_ITOPS_vpc"
          ]
        }
      ]
    },
    {
      "mode": "managed",
      "type": "ibm_is_security_group_rule",
      "name": "private_sg_rule_all_in_from_public_subnet",
      "provider": "provider.ibm",
      "instances": [
        {
          "schema_version": 0,
          "attributes": {
            "direction": "inbound",
            "group": "r006-a277af52-271f-4229-b48f-b683a7e24517",
            "icmp": [],
            "id": "r006-a277af52-271f-4229-b48f-b683a7e24517.r006-58a93dcd-52dc-42d0-ab8a-f7b1eefe7110",
            "ip_version": "ipv4",
            "remote": "10.240.0.0/29",
            "rule_id": "r006-58a93dcd-52dc-42d0-ab8a-f7b1eefe7110",
            "tcp": [],
            "udp": []
          },
          "private": "bnVsbA==",
          "dependencies": [
            "ibm_is_security_group.private",
            "ibm_is_subnet.public",
            "ibm_is_vpc.PF_ITOPS_vpc"
          ]
        }
      ]
    },
    {
      "mode": "managed",
      "type": "ibm_is_security_group_rule",
      "name": "private_sg_rule_all_out",
      "provider": "provider.ibm",
      "instances": [
        {
          "schema_version": 0,
          "attributes": {
            "direction": "outbound",
            "group": "r006-a277af52-271f-4229-b48f-b683a7e24517",
            "icmp": [],
            "id": "r006-a277af52-271f-4229-b48f-b683a7e24517.r006-dbf904d8-2265-4124-b926-8eb3aa1fa3f3",
            "ip_version": "ipv4",
            "remote": "0.0.0.0/0",
            "rule_id": "r006-dbf904d8-2265-4124-b926-8eb3aa1fa3f3",
            "tcp": [],
            "udp": []
          },
          "private": "bnVsbA==",
          "dependencies": [
            "ibm_is_security_group.private",
            "ibm_is_vpc.PF_ITOPS_vpc"
          ]
        }
      ]
    },
    {
      "mode": "managed",
      "type": "ibm_is_security_group_rule",
      "name": "public_sg_rule_all_in_from_home",
      "provider": "provider.ibm",
      "instances": [
        {
          "schema_version": 0,
          "attributes": {
            "direction": "inbound",
            "group": "r006-f8f8158c-e95c-408a-8ce6-0f2a6fe4271f",
            "icmp": [],
            "id": "r006-f8f8158c-e95c-408a-8ce6-0f2a6fe4271f.r006-e9e54d01-9d70-4f24-b8b0-16a3945e8186",
            "ip_version": "ipv4",
            "remote": "46.193.4.20/32",
            "rule_id": "r006-e9e54d01-9d70-4f24-b8b0-16a3945e8186",
            "tcp": [],
            "udp": []
          },
          "private": "bnVsbA==",
          "dependencies": [
            "ibm_is_security_group.public",
            "ibm_is_vpc.PF_ITOPS_vpc"
          ]
        }
      ]
    },
    {
      "mode": "managed",
      "type": "ibm_is_security_group_rule",
      "name": "public_sg_rule_all_in_from_private_subnet",
      "provider": "provider.ibm",
      "instances": [
        {
          "schema_version": 0,
          "attributes": {
            "direction": "inbound",
            "group": "r006-f8f8158c-e95c-408a-8ce6-0f2a6fe4271f",
            "icmp": [],
            "id": "r006-f8f8158c-e95c-408a-8ce6-0f2a6fe4271f.r006-c4f6cb0f-88cb-4f06-987f-c9b65c320d47",
            "ip_version": "ipv4",
            "remote": "10.240.0.8/29",
            "rule_id": "r006-c4f6cb0f-88cb-4f06-987f-c9b65c320d47",
            "tcp": [],
            "udp": []
          },
          "private": "bnVsbA==",
          "dependencies": [
            "ibm_is_security_group.public",
            "ibm_is_subnet.private",
            "ibm_is_vpc.PF_ITOPS_vpc"
          ]
        }
      ]
    },
    {
      "mode": "managed",
      "type": "ibm_is_security_group_rule",
      "name": "public_sg_rule_all_in_from_school",
      "provider": "provider.ibm",
      "instances": [
        {
          "schema_version": 0,
          "attributes": {
            "direction": "inbound",
            "group": "r006-f8f8158c-e95c-408a-8ce6-0f2a6fe4271f",
            "icmp": [],
            "id": "r006-f8f8158c-e95c-408a-8ce6-0f2a6fe4271f.r006-48ef4ada-e3e8-43ca-83ed-a7fa4a1ff2e2",
            "ip_version": "ipv4",
            "remote": "192.102.224.0/24",
            "rule_id": "r006-48ef4ada-e3e8-43ca-83ed-a7fa4a1ff2e2",
            "tcp": [],
            "udp": []
          },
          "private": "bnVsbA==",
          "dependencies": [
            "ibm_is_security_group.public",
            "ibm_is_vpc.PF_ITOPS_vpc"
          ]
        }
      ]
    },
    {
      "mode": "managed",
      "type": "ibm_is_security_group_rule",
      "name": "public_sg_rule_all_in_from_unicity",
      "provider": "provider.ibm",
      "instances": [
        {
          "schema_version": 0,
          "attributes": {
            "direction": "inbound",
            "group": "r006-f8f8158c-e95c-408a-8ce6-0f2a6fe4271f",
            "icmp": [],
            "id": "r006-f8f8158c-e95c-408a-8ce6-0f2a6fe4271f.r006-fffb3a85-0bad-4899-89c0-748fe5ebf058",
            "ip_version": "ipv4",
            "remote": "217.163.58.252/32",
            "rule_id": "r006-fffb3a85-0bad-4899-89c0-748fe5ebf058",
            "tcp": [],
            "udp": []
          },
          "private": "bnVsbA==",
          "dependencies": [
            "ibm_is_security_group.public",
            "ibm_is_vpc.PF_ITOPS_vpc"
          ]
        }
      ]
    },
    {
      "mode": "managed",
      "type": "ibm_is_security_group_rule",
      "name": "public_sg_rule_all_out",
      "provider": "provider.ibm",
      "instances": [
        {
          "schema_version": 0,
          "attributes": {
            "direction": "outbound",
            "group": "r006-f8f8158c-e95c-408a-8ce6-0f2a6fe4271f",
            "icmp": [],
            "id": "r006-f8f8158c-e95c-408a-8ce6-0f2a6fe4271f.r006-886a6c01-0e97-425b-82f0-1bf50c93be79",
            "ip_version": "ipv4",
            "remote": "0.0.0.0/0",
            "rule_id": "r006-886a6c01-0e97-425b-82f0-1bf50c93be79",
            "tcp": [],
            "udp": []
          },
          "private": "bnVsbA==",
          "dependencies": [
            "ibm_is_security_group.public",
            "ibm_is_vpc.PF_ITOPS_vpc"
          ]
        }
      ]
    },
    {
      "mode": "managed",
      "type": "ibm_is_ssh_key",
      "name": "ssh_Key",
      "provider": "provider.ibm",
      "instances": [
        {
          "schema_version": 0,
          "attributes": {
            "fingerprint": "SHA256:SGr3D55BlJlUAbZGaX5+KZl7WU0gF5Z9yJwfn0VKbXA",
            "id": "r006-62488109-1522-4212-a0f7-9f9a61396c32",
            "length": 4096,
            "name": "dev-pf-itops-apares",
            "public_key": "ssh-rsa AAAAB3NzaC1yc2EAAAADAQABAAACAQDjL+9HNSOTpW/PQVeEZMP3D04HBJiPg3BcwYDxpSm++pnOH3FmtBUUq7hPa1eUzf5Hui74SWIs2jfTMaojOMzmj6O9trTyrhYGlnWDSiHK7rCbUtvkdVDNJAJo9V80+8fkq/pmrBNP1RrickHUdTaX11LwZ9XlnlhMqKKT3I1Ubtf5y0v72gST5eBefxNzbR5G+A0a9eEWNCE8nrIRi83r1zJO4qJfa/cjOH0QbQxI1QZvkS8ShcJdrlaqmWgGZyNASgqmJ1PmnmT4K80pPnahCFfQt2wT8MnBj+wIwE5TCe2VKhcE+okwUfl1RxAC3/rRHc1vz+7/WejX9l7bQ3f7p3fKjL59roqcdtxTVW8SCBgZhXT1F+sW9ErPjHjteGFp9P4tsrrGostMnutYjXnsdaZGREs68s77FGIo+a0m43NPnezcj0utFTqbzpvqHed0S4u2K3q6mn5hGhv1f4qjOATpA+FFyesJNuRCGI7PYPiOKeIJWPTqnE9r5E9nRyWe0J67xFsSOewnwfEBiezR90INe8iYszx7GOhVfEKFDMWfFZ6da9LORFUuaibTMo/VPHr5ZfGP0Dqh609pKJvdR7RJgzQI4dZkGt7qgoG08877T2BsvAB85yRifKtemGgcEGSq7+SdD+1A72osHzPG7P8k4y8BsfOYNnZUdRRX1Q==",
            "resource_controller_url": "https://cloud.ibm.com/vpc-ext/compute/sshKeys",
            "resource_crn": "crn:v1:bluemix:public:is:us-south:a/a3c1da9c4e4a4cdaaa92d1edeb7f4868::key:r006-62488109-1522-4212-a0f7-9f9a61396c32",
            "resource_group": "fef8a58a10a945819e5d0a4027ebdb39",
            "resource_group_name": "Training",
            "resource_name": "dev-pf-itops-apares",
            "tags": [],
            "type": "rsa"
          },
          "private": "bnVsbA=="
        }
      ]
    },
    {
      "mode": "managed",
      "type": "ibm_is_subnet",
      "name": "private",
      "provider": "provider.ibm",
      "instances": [
        {
          "schema_version": 0,
          "attributes": {
            "available_ipv4_address_count": null,
            "id": "0717-1323d79a-1a22-497d-8748-e42b6ccdc68d",
            "ip_version": "ipv4",
            "ipv4_cidr_block": "10.240.0.8/29",
            "ipv6_cidr_block": "",
            "name": "dev-pf-itops-private",
            "network_acl": "r006-388df99a-403a-46b5-8c59-ef479a329433",
            "public_gateway": "",
            "resource_controller_url": "https://cloud.ibm.com/vpc-ext/network/subnets",
            "resource_crn": "crn:v1:bluemix:public:is:us-south-1:a/a3c1da9c4e4a4cdaaa92d1edeb7f4868::subnet:0717-1323d79a-1a22-497d-8748-e42b6ccdc68d",
            "resource_group": "fef8a58a10a945819e5d0a4027ebdb39",
            "resource_group_name": "Training",
            "resource_name": "dev-pf-itops-private",
            "resource_status": "available",
            "status": "available",
            "timeouts": null,
            "total_ipv4_address_count": 8,
            "vpc": "r006-905aca01-a59f-4001-954a-e2dff2e96377",
            "zone": "us-south-1"
          },
          "private": "eyJlMmJmYjczMC1lY2FhLTExZTYtOGY4OC0zNDM2M2JjN2M0YzAiOnsiY3JlYXRlIjo2MDAwMDAwMDAwMDAsImRlbGV0ZSI6NjAwMDAwMDAwMDAwLCJ1cGRhdGUiOjYwMDAwMDAwMDAwMH19",
          "dependencies": [
            "ibm_is_vpc.PF_ITOPS_vpc"
          ]
        }
      ]
    },
    {
      "mode": "managed",
      "type": "ibm_is_subnet",
      "name": "public",
      "provider": "provider.ibm",
      "instances": [
        {
          "schema_version": 0,
          "attributes": {
            "available_ipv4_address_count": null,
            "id": "0717-452ad039-cf98-4b49-8c46-26699cd7a0bd",
            "ip_version": "ipv4",
            "ipv4_cidr_block": "10.240.0.0/29",
            "ipv6_cidr_block": "",
            "name": "dev-pf-itops-public",
            "network_acl": "r006-388df99a-403a-46b5-8c59-ef479a329433",
            "public_gateway": "",
            "resource_controller_url": "https://cloud.ibm.com/vpc-ext/network/subnets",
            "resource_crn": "crn:v1:bluemix:public:is:us-south-1:a/a3c1da9c4e4a4cdaaa92d1edeb7f4868::subnet:0717-452ad039-cf98-4b49-8c46-26699cd7a0bd",
            "resource_group": "fef8a58a10a945819e5d0a4027ebdb39",
            "resource_group_name": "Training",
            "resource_name": "dev-pf-itops-public",
            "resource_status": "available",
            "status": "available",
            "timeouts": null,
            "total_ipv4_address_count": 8,
            "vpc": "r006-905aca01-a59f-4001-954a-e2dff2e96377",
            "zone": "us-south-1"
          },
          "private": "eyJlMmJmYjczMC1lY2FhLTExZTYtOGY4OC0zNDM2M2JjN2M0YzAiOnsiY3JlYXRlIjo2MDAwMDAwMDAwMDAsImRlbGV0ZSI6NjAwMDAwMDAwMDAwLCJ1cGRhdGUiOjYwMDAwMDAwMDAwMH19",
          "dependencies": [
            "ibm_is_vpc.PF_ITOPS_vpc"
          ]
        }
      ]
    },
    {
      "mode": "managed",
      "type": "ibm_is_vpc",
      "name": "PF_ITOPS_vpc",
      "provider": "provider.ibm",
      "instances": [
        {
          "schema_version": 0,
          "attributes": {
            "address_prefix_management": "auto",
            "classic_access": false,
            "default_network_acl": "r006-388df99a-403a-46b5-8c59-ef479a329433",
            "default_security_group": "r006-4080f92a-884d-46a3-86ff-c7ef254513fe",
            "id": "r006-905aca01-a59f-4001-954a-e2dff2e96377",
            "is_default": null,
            "name": "dev-pf-itops-vpc",
            "resource_controller_url": "https://cloud.ibm.com/vpc-ext/network/vpcs",
            "resource_crn": "crn:v1:bluemix:public:is:us-south:a/a3c1da9c4e4a4cdaaa92d1edeb7f4868::vpc:r006-905aca01-a59f-4001-954a-e2dff2e96377",
            "resource_group": "fef8a58a10a945819e5d0a4027ebdb39",
            "resource_group_name": "Training",
            "resource_name": "dev-pf-itops-vpc",
            "resource_status": "available",
            "status": "available",
            "tags": [
              "entity:pf-it-ops",
              "env:dev"
            ],
            "timeouts": null
          },
          "private": "eyJlMmJmYjczMC1lY2FhLTExZTYtOGY4OC0zNDM2M2JjN2M0YzAiOnsiY3JlYXRlIjozNjAwMDAwMDAwMDAwLCJkZWxldGUiOjM2MDAwMDAwMDAwMDB9fQ=="
        }
      ]
    },
    {
      "mode": "managed",
      "type": "ibm_is_vpc_route",
      "name": "private_sub",
      "provider": "provider.ibm",
      "instances": [
        {
          "schema_version": 0,
          "attributes": {
            "destination": "0.0.0.0/0",
            "id": "r006-905aca01-a59f-4001-954a-e2dff2e96377/r006-1e85bcc2-eed5-4e0a-a5bc-8e6ae8348036",
            "name": "dev-pf-itops-route-private",
            "next_hop": "10.240.0.4",
            "status": "stable",
            "vpc": "r006-905aca01-a59f-4001-954a-e2dff2e96377",
            "zone": "us-south-1"
          },
          "private": "bnVsbA==",
          "dependencies": [
            "ibm_is_instance.nat_gwt_instance",
            "ibm_is_security_group.public",
            "ibm_is_ssh_key.ssh_Key",
            "ibm_is_subnet.public",
            "ibm_is_vpc.PF_ITOPS_vpc"
          ]
        }
      ]
    }
  ]
}
