{
  "version": 4,
  "terraform_version": "0.12.20",
  "serial": 32,
  "lineage": "73af1e18-d354-b78b-4942-1be495f77b5b",
  "outputs": {},
  "resources": [
    {
      "mode": "data",
      "type": "ibm_resource_group",
      "name": "Training",
      "provider": "provider.ibm",
      "instances": [
        {
          "schema_version": 0,
          "attributes": {
            "id": "fef8a58a10a945819e5d0a4027ebdb39",
            "is_default": false,
            "name": "Training"
          }
        }
      ]
    },
    {
      "mode": "managed",
      "type": "ibm_is_vpc",
      "name": "PF-ITOPS",
      "provider": "provider.ibm",
      "instances": [
        {
          "schema_version": 0,
          "attributes": {
            "address_prefix_management": "auto",
            "classic_access": false,
            "default_network_acl": "r006-988bb326-c52e-476c-b137-3dfc55211633",
            "default_security_group": "r006-96727fa7-15e1-49d6-ae27-7df3c0ce2dd6",
            "id": "r006-21830d74-40b5-4aa5-bf6f-ceb95c14181e",
            "is_default": null,
            "name": "pf-itops",
            "resource_controller_url": "https://cloud.ibm.com/vpc-ext/network/vpcs",
            "resource_crn": "crn:v1:bluemix:public:is:us-south:a/a3c1da9c4e4a4cdaaa92d1edeb7f4868::vpc:r006-21830d74-40b5-4aa5-bf6f-ceb95c14181e",
            "resource_group": "fef8a58a10a945819e5d0a4027ebdb39",
            "resource_group_name": "Training",
            "resource_name": "pf-itops",
            "resource_status": "available",
            "status": "available",
            "tags": [],
            "timeouts": null
          },
          "private": "eyJlMmJmYjczMC1lY2FhLTExZTYtOGY4OC0zNDM2M2JjN2M0YzAiOnsiY3JlYXRlIjozNjAwMDAwMDAwMDAwLCJkZWxldGUiOjM2MDAwMDAwMDAwMDB9fQ==",
          "dependencies": [
            "ibm_is_network_acl.defaultACL"
          ]
        }
      ]
    }
  ]
}
