{
  "version": 4,
  "terraform_version": "0.12.20",
  "serial": 214,
  "lineage": "73af1e18-d354-b78b-4942-1be495f77b5b",
  "outputs": {
    "ngwt-instance": {
      "value": "52.116.132.73",
      "type": "string"
    },
    "private-instance": {
      "value": "10.240.0.12",
      "type": "string"
    },
    "private_sub-ipv4_cidr_block": {
      "value": "10.240.0.8/29",
      "type": "string"
    },
    "public_sub-ipv4_cidr_block": {
      "value": "10.240.0.0/29",
      "type": "string"
    }
  },
  "resources": [
    {
      "mode": "data",
      "type": "ibm_resource_group",
      "name": "Training",
      "provider": "provider.ibm",
      "instances": [
        {
          "schema_version": 0,
          "attributes": {
            "id": "fef8a58a10a945819e5d0a4027ebdb39",
            "is_default": false,
            "name": "Training"
          }
        }
      ]
    },
    {
      "mode": "managed",
      "type": "ibm_is_floating_ip",
      "name": "nat_gwt_instance_floating_ip",
      "provider": "provider.ibm",
      "instances": [
        {
          "schema_version": 0,
          "attributes": {
            "address": "52.116.132.73",
            "id": "r006-f9b80937-d15a-43e0-8799-232f7f6dc0ce",
            "name": "pf-itops-nat-gwt-flt-ip",
            "resource_controller_url": "https://cloud.ibm.com/vpc-ext/network/floatingIPs",
            "resource_crn": "crn:v1:bluemix:public:is:us-south-1:a/a3c1da9c4e4a4cdaaa92d1edeb7f4868::floating-ip:r006-f9b80937-d15a-43e0-8799-232f7f6dc0ce",
            "resource_group": "fef8a58a10a945819e5d0a4027ebdb39",
            "resource_group_name": "Training",
            "resource_name": "pf-itops-nat-gwt-flt-ip",
            "resource_status": "available",
            "status": "available",
            "target": "0717-5d7c6c99-ae31-474b-b936-14d4fc056d87",
            "timeouts": null,
            "zone": "us-south-1"
          },
          "private": "eyJlMmJmYjczMC1lY2FhLTExZTYtOGY4OC0zNDM2M2JjN2M0YzAiOnsiY3JlYXRlIjo2MDAwMDAwMDAwMDAsImRlbGV0ZSI6NjAwMDAwMDAwMDAwfX0=",
          "dependencies": [
            "ibm_is_instance.nat_gwt_instance",
            "ibm_is_security_group.public",
            "ibm_is_ssh_key.ssh_Key",
            "ibm_is_subnet.public",
            "ibm_is_vpc.PF_ITOPS_vpc"
          ]
        }
      ]
    },
    {
      "mode": "managed",
      "type": "ibm_is_instance",
      "name": "nat_gwt_instance",
      "provider": "provider.ibm",
      "instances": [
        {
          "schema_version": 0,
          "attributes": {
            "boot_volume": [
              {
                "encryption": "",
                "iops": 3000,
                "name": "volume-attachment",
                "profile": "general-purpose",
                "size": 100
              }
            ],
            "generation": null,
            "gpu": [],
            "id": "0717_328468ca-8094-427e-8165-b4106cf8bc74",
            "image": "r006-d2f5be47-f7fb-4e6e-b4ab-87734fd8d12b",
            "keys": [
              "r006-4b474eee-62b7-42bb-829d-c3ee269f998f"
            ],
            "memory": 4,
            "name": "pf-itops-nat-gwt",
            "network_interfaces": [],
            "primary_network_interface": [
              {
                "id": "0717-5d7c6c99-ae31-474b-b936-14d4fc056d87",
                "name": "eth0",
                "port_speed": 0,
                "primary_ipv4_address": "10.240.0.4",
                "security_groups": [
                  "r006-fbdd3828-0ada-4f57-828d-9390667e2ce7"
                ],
                "subnet": "0717-f710b569-6c6a-4231-b8d6-3edaae04439a"
              }
            ],
            "profile": "cp2-2x4",
            "resource_controller_url": "https://cloud.ibm.com/vpc-ext/compute/vs",
            "resource_crn": "crn:v1:bluemix:public:is:us-south-1:a/a3c1da9c4e4a4cdaaa92d1edeb7f4868::instance:0717_328468ca-8094-427e-8165-b4106cf8bc74",
            "resource_group": "fef8a58a10a945819e5d0a4027ebdb39",
            "resource_group_name": "Training",
            "resource_name": "pf-itops-nat-gwt",
            "resource_status": "running",
            "status": "running",
            "tags": [],
            "timeouts": null,
            "user_data": "#!/bin/bash\nsysctl -w net.ipv4.ip_forward=1\n/sbin/iptables -t nat -A POSTROUTING -o enp0s1 -j MASQUERADE",
            "vcpu": [
              {
                "architecture": "power",
                "count": 2
              }
            ],
            "volume_attachments": [
              {
                "id": "0717-f26e3b66-1679-4642-b727-8997063e5a5e",
                "name": "volume-attachment",
                "volume_crn": "crn:v1:bluemix:public:is:us-south-1:a/a3c1da9c4e4a4cdaaa92d1edeb7f4868::volume:r006-3769be94-4daa-11ea-ad7c-feff0b330b1c",
                "volume_id": "r006-3769be94-4daa-11ea-ad7c-feff0b330b1c",
                "volume_name": "gauging-catering-exploit-chance-licking-posh"
              }
            ],
            "volumes": null,
            "vpc": "r006-cd4149ad-0e98-4761-9f4b-8efb1cbcb824",
            "zone": "us-south-1"
          },
          "private": "eyJlMmJmYjczMC1lY2FhLTExZTYtOGY4OC0zNDM2M2JjN2M0YzAiOnsiY3JlYXRlIjozNjAwMDAwMDAwMDAwLCJkZWxldGUiOjM2MDAwMDAwMDAwMDB9fQ==",
          "dependencies": [
            "ibm_is_security_group.public",
            "ibm_is_ssh_key.ssh_Key",
            "ibm_is_subnet.public",
            "ibm_is_vpc.PF_ITOPS_vpc"
          ]
        }
      ]
    },
    {
      "mode": "managed",
      "type": "ibm_is_instance",
      "name": "private_instance",
      "provider": "provider.ibm",
      "instances": [
        {
          "schema_version": 0,
          "attributes": {
            "boot_volume": [
              {
                "encryption": "",
                "iops": 3000,
                "name": "volume-attachment",
                "profile": "general-purpose",
                "size": 100
              }
            ],
            "generation": null,
            "gpu": [],
            "id": "0717_7e62c1f4-c1ea-4b53-a11a-b2217c365ed6",
            "image": "r006-d2f5be47-f7fb-4e6e-b4ab-87734fd8d12b",
            "keys": [
              "r006-4b474eee-62b7-42bb-829d-c3ee269f998f"
            ],
            "memory": 4,
            "name": "pf-itops-private",
            "network_interfaces": [],
            "primary_network_interface": [
              {
                "id": "0717-e7fa5c2b-54a8-47b2-acd9-eb9b2877c1fe",
                "name": "eth0",
                "port_speed": 0,
                "primary_ipv4_address": "10.240.0.12",
                "security_groups": [
                  "r006-7265eb07-9cb0-4460-9e55-b3f2521911f6"
                ],
                "subnet": "0717-13b261c6-c7bf-4462-b272-c9b8fac0b09b"
              }
            ],
            "profile": "cp2-2x4",
            "resource_controller_url": "https://cloud.ibm.com/vpc-ext/compute/vs",
            "resource_crn": "crn:v1:bluemix:public:is:us-south-1:a/a3c1da9c4e4a4cdaaa92d1edeb7f4868::instance:0717_7e62c1f4-c1ea-4b53-a11a-b2217c365ed6",
            "resource_group": "fef8a58a10a945819e5d0a4027ebdb39",
            "resource_group_name": "Training",
            "resource_name": "pf-itops-private",
            "resource_status": "running",
            "status": "running",
            "tags": [],
            "timeouts": null,
            "user_data": "#!/bin/bash\nsysctl -w net.ipv4.ip_forward=1\n/sbin/iptables -t nat -A POSTROUTING -o enp0s1 -j MASQUERADE",
            "vcpu": [
              {
                "architecture": "power",
                "count": 2
              }
            ],
            "volume_attachments": [
              {
                "id": "0717-78e529cf-7113-442d-88fd-43cf17564ac8",
                "name": "volume-attachment",
                "volume_crn": "crn:v1:bluemix:public:is:us-south-1:a/a3c1da9c4e4a4cdaaa92d1edeb7f4868::volume:r006-fffa33cc-4da9-11ea-ad7c-feff0b330b1c",
                "volume_id": "r006-fffa33cc-4da9-11ea-ad7c-feff0b330b1c",
                "volume_name": "either-unafraid-unfold-mossy-recharger-unraveled"
              }
            ],
            "volumes": [],
            "vpc": "r006-cd4149ad-0e98-4761-9f4b-8efb1cbcb824",
            "zone": "us-south-1"
          },
          "private": "eyJlMmJmYjczMC1lY2FhLTExZTYtOGY4OC0zNDM2M2JjN2M0YzAiOnsiY3JlYXRlIjozNjAwMDAwMDAwMDAwLCJkZWxldGUiOjM2MDAwMDAwMDAwMDB9fQ==",
          "dependencies": [
            "ibm_is_security_group.private",
            "ibm_is_ssh_key.ssh_Key",
            "ibm_is_subnet.private",
            "ibm_is_vpc.PF_ITOPS_vpc"
          ]
        }
      ]
    },
    {
      "mode": "managed",
      "type": "ibm_is_security_group",
      "name": "private",
      "provider": "provider.ibm",
      "instances": [
        {
          "schema_version": 0,
          "attributes": {
            "id": "r006-7265eb07-9cb0-4460-9e55-b3f2521911f6",
            "name": "pf-itops-private-sg",
            "resource_controller_url": "https://cloud.ibm.com/vpc-ext/network/securityGroups",
            "resource_crn": "crn:v1:bluemix:public:is:us-south:a/a3c1da9c4e4a4cdaaa92d1edeb7f4868::security-group:r006-7265eb07-9cb0-4460-9e55-b3f2521911f6",
            "resource_group": "fef8a58a10a945819e5d0a4027ebdb39",
            "resource_group_name": "Training",
            "resource_name": "pf-itops-private-sg",
            "rules": [
              {
                "code": 0,
                "direction": "outbound",
                "ip_version": "ipv4",
                "port_max": 0,
                "port_min": 0,
                "protocol": "all",
                "remote": "",
                "type": 0
              },
              {
                "code": 0,
                "direction": "inbound",
                "ip_version": "ipv4",
                "port_max": 0,
                "port_min": 0,
                "protocol": "all",
                "remote": "",
                "type": 0
              }
            ],
            "vpc": "r006-cd4149ad-0e98-4761-9f4b-8efb1cbcb824"
          },
          "private": "bnVsbA==",
          "dependencies": [
            "ibm_is_vpc.PF_ITOPS_vpc"
          ]
        }
      ]
    },
    {
      "mode": "managed",
      "type": "ibm_is_security_group",
      "name": "public",
      "provider": "provider.ibm",
      "instances": [
        {
          "schema_version": 0,
          "attributes": {
            "id": "r006-fbdd3828-0ada-4f57-828d-9390667e2ce7",
            "name": "pf-itops-public-sg",
            "resource_controller_url": "https://cloud.ibm.com/vpc-ext/network/securityGroups",
            "resource_crn": "crn:v1:bluemix:public:is:us-south:a/a3c1da9c4e4a4cdaaa92d1edeb7f4868::security-group:r006-fbdd3828-0ada-4f57-828d-9390667e2ce7",
            "resource_group": "fef8a58a10a945819e5d0a4027ebdb39",
            "resource_group_name": "Training",
            "resource_name": "pf-itops-public-sg",
            "rules": [],
            "vpc": "r006-cd4149ad-0e98-4761-9f4b-8efb1cbcb824"
          },
          "private": "bnVsbA==",
          "dependencies": [
            "ibm_is_vpc.PF_ITOPS_vpc"
          ]
        }
      ]
    },
    {
      "mode": "managed",
      "type": "ibm_is_security_group_rule",
      "name": "private_sg_rule_all_in_from_public_subnet",
      "provider": "provider.ibm",
      "instances": [
        {
          "schema_version": 0,
          "attributes": {
            "direction": "inbound",
            "group": "r006-7265eb07-9cb0-4460-9e55-b3f2521911f6",
            "icmp": [],
            "id": "r006-7265eb07-9cb0-4460-9e55-b3f2521911f6.r006-56b35ea2-9de6-495f-a184-5e2b5c4fb7d5",
            "ip_version": "ipv4",
            "remote": "10.240.0.8/29",
            "rule_id": "r006-56b35ea2-9de6-495f-a184-5e2b5c4fb7d5",
            "tcp": [],
            "udp": []
          },
          "private": "bnVsbA==",
          "dependencies": [
            "ibm_is_security_group.private",
            "ibm_is_subnet.private",
            "ibm_is_vpc.PF_ITOPS_vpc"
          ]
        }
      ]
    },
    {
      "mode": "managed",
      "type": "ibm_is_security_group_rule",
      "name": "private_sg_rule_all_out",
      "provider": "provider.ibm",
      "instances": [
        {
          "schema_version": 0,
          "attributes": {
            "direction": "outbound",
            "group": "r006-7265eb07-9cb0-4460-9e55-b3f2521911f6",
            "icmp": [],
            "id": "r006-7265eb07-9cb0-4460-9e55-b3f2521911f6.r006-feb451dd-222f-489c-aaab-85e8aee48a3d",
            "ip_version": "ipv4",
            "remote": "0.0.0.0/0",
            "rule_id": "r006-feb451dd-222f-489c-aaab-85e8aee48a3d",
            "tcp": [],
            "udp": []
          },
          "private": "bnVsbA==",
          "dependencies": [
            "ibm_is_security_group.private",
            "ibm_is_vpc.PF_ITOPS_vpc"
          ]
        }
      ]
    },
    {
      "mode": "managed",
      "type": "ibm_is_security_group_rule",
      "name": "public_sg_rule_all_in_from_unicity",
      "provider": "provider.ibm",
      "instances": [
        {
          "schema_version": 0,
          "attributes": {
            "direction": "inbound",
            "group": "r006-fbdd3828-0ada-4f57-828d-9390667e2ce7",
            "icmp": [],
            "id": "r006-fbdd3828-0ada-4f57-828d-9390667e2ce7.r006-a91963e5-3c65-4051-81eb-1d85aa263b0d",
            "ip_version": "ipv4",
            "remote": "217.163.58.252/32",
            "rule_id": "r006-a91963e5-3c65-4051-81eb-1d85aa263b0d",
            "tcp": [],
            "udp": []
          },
          "private": "bnVsbA==",
          "dependencies": [
            "ibm_is_security_group.public",
            "ibm_is_vpc.PF_ITOPS_vpc"
          ]
        }
      ]
    },
    {
      "mode": "managed",
      "type": "ibm_is_security_group_rule",
      "name": "public_sg_rule_all_out",
      "provider": "provider.ibm",
      "instances": [
        {
          "schema_version": 0,
          "attributes": {
            "direction": "outbound",
            "group": "r006-fbdd3828-0ada-4f57-828d-9390667e2ce7",
            "icmp": [],
            "id": "r006-fbdd3828-0ada-4f57-828d-9390667e2ce7.r006-32b4da0c-c9a3-430a-bf26-43dbc273c322",
            "ip_version": "ipv4",
            "remote": "0.0.0.0/0",
            "rule_id": "r006-32b4da0c-c9a3-430a-bf26-43dbc273c322",
            "tcp": [],
            "udp": []
          },
          "private": "bnVsbA==",
          "dependencies": [
            "ibm_is_security_group.public",
            "ibm_is_vpc.PF_ITOPS_vpc"
          ]
        }
      ]
    },
    {
      "mode": "managed",
      "type": "ibm_is_ssh_key",
      "name": "ssh_Key",
      "provider": "provider.ibm",
      "instances": [
        {
          "schema_version": 0,
          "attributes": {
            "fingerprint": "SHA256:SGr3D55BlJlUAbZGaX5+KZl7WU0gF5Z9yJwfn0VKbXA",
            "id": "r006-4b474eee-62b7-42bb-829d-c3ee269f998f",
            "length": 4096,
            "name": "pf-itops-apares",
            "public_key": "ssh-rsa AAAAB3NzaC1yc2EAAAADAQABAAACAQDjL+9HNSOTpW/PQVeEZMP3D04HBJiPg3BcwYDxpSm++pnOH3FmtBUUq7hPa1eUzf5Hui74SWIs2jfTMaojOMzmj6O9trTyrhYGlnWDSiHK7rCbUtvkdVDNJAJo9V80+8fkq/pmrBNP1RrickHUdTaX11LwZ9XlnlhMqKKT3I1Ubtf5y0v72gST5eBefxNzbR5G+A0a9eEWNCE8nrIRi83r1zJO4qJfa/cjOH0QbQxI1QZvkS8ShcJdrlaqmWgGZyNASgqmJ1PmnmT4K80pPnahCFfQt2wT8MnBj+wIwE5TCe2VKhcE+okwUfl1RxAC3/rRHc1vz+7/WejX9l7bQ3f7p3fKjL59roqcdtxTVW8SCBgZhXT1F+sW9ErPjHjteGFp9P4tsrrGostMnutYjXnsdaZGREs68s77FGIo+a0m43NPnezcj0utFTqbzpvqHed0S4u2K3q6mn5hGhv1f4qjOATpA+FFyesJNuRCGI7PYPiOKeIJWPTqnE9r5E9nRyWe0J67xFsSOewnwfEBiezR90INe8iYszx7GOhVfEKFDMWfFZ6da9LORFUuaibTMo/VPHr5ZfGP0Dqh609pKJvdR7RJgzQI4dZkGt7qgoG08877T2BsvAB85yRifKtemGgcEGSq7+SdD+1A72osHzPG7P8k4y8BsfOYNnZUdRRX1Q==",
            "resource_controller_url": "https://cloud.ibm.com/vpc-ext/compute/sshKeys",
            "resource_crn": "crn:v1:bluemix:public:is:us-south:a/a3c1da9c4e4a4cdaaa92d1edeb7f4868::key:r006-4b474eee-62b7-42bb-829d-c3ee269f998f",
            "resource_group": "fef8a58a10a945819e5d0a4027ebdb39",
            "resource_group_name": "Training",
            "resource_name": "pf-itops-apares",
            "type": "rsa"
          },
          "private": "bnVsbA=="
        }
      ]
    },
    {
      "mode": "managed",
      "type": "ibm_is_subnet",
      "name": "private",
      "provider": "provider.ibm",
      "instances": [
        {
          "schema_version": 0,
          "attributes": {
            "available_ipv4_address_count": null,
            "id": "0717-13b261c6-c7bf-4462-b272-c9b8fac0b09b",
            "ip_version": "ipv4",
            "ipv4_cidr_block": "10.240.0.8/29",
            "ipv6_cidr_block": "",
            "name": "pf-itops-private",
            "network_acl": "r006-d3ef1015-8626-4b27-84c2-b4d3843c995d",
            "public_gateway": "",
            "resource_controller_url": "https://cloud.ibm.com/vpc-ext/network/subnets",
            "resource_crn": "crn:v1:bluemix:public:is:us-south-1:a/a3c1da9c4e4a4cdaaa92d1edeb7f4868::subnet:0717-13b261c6-c7bf-4462-b272-c9b8fac0b09b",
            "resource_group": "fef8a58a10a945819e5d0a4027ebdb39",
            "resource_group_name": "Training",
            "resource_name": "pf-itops-private",
            "resource_status": "available",
            "status": "available",
            "timeouts": null,
            "total_ipv4_address_count": 8,
            "vpc": "r006-cd4149ad-0e98-4761-9f4b-8efb1cbcb824",
            "zone": "us-south-1"
          },
          "private": "eyJlMmJmYjczMC1lY2FhLTExZTYtOGY4OC0zNDM2M2JjN2M0YzAiOnsiY3JlYXRlIjo2MDAwMDAwMDAwMDAsImRlbGV0ZSI6NjAwMDAwMDAwMDAwLCJ1cGRhdGUiOjYwMDAwMDAwMDAwMH19",
          "dependencies": [
            "ibm_is_vpc.PF_ITOPS_vpc"
          ]
        }
      ]
    },
    {
      "mode": "managed",
      "type": "ibm_is_subnet",
      "name": "public",
      "provider": "provider.ibm",
      "instances": [
        {
          "schema_version": 0,
          "attributes": {
            "available_ipv4_address_count": null,
            "id": "0717-f710b569-6c6a-4231-b8d6-3edaae04439a",
            "ip_version": "ipv4",
            "ipv4_cidr_block": "10.240.0.0/29",
            "ipv6_cidr_block": "",
            "name": "pf-itops-public",
            "network_acl": "r006-d3ef1015-8626-4b27-84c2-b4d3843c995d",
            "public_gateway": "",
            "resource_controller_url": "https://cloud.ibm.com/vpc-ext/network/subnets",
            "resource_crn": "crn:v1:bluemix:public:is:us-south-1:a/a3c1da9c4e4a4cdaaa92d1edeb7f4868::subnet:0717-f710b569-6c6a-4231-b8d6-3edaae04439a",
            "resource_group": "fef8a58a10a945819e5d0a4027ebdb39",
            "resource_group_name": "Training",
            "resource_name": "pf-itops-public",
            "resource_status": "available",
            "status": "available",
            "timeouts": null,
            "total_ipv4_address_count": 8,
            "vpc": "r006-cd4149ad-0e98-4761-9f4b-8efb1cbcb824",
            "zone": "us-south-1"
          },
          "private": "eyJlMmJmYjczMC1lY2FhLTExZTYtOGY4OC0zNDM2M2JjN2M0YzAiOnsiY3JlYXRlIjo2MDAwMDAwMDAwMDAsImRlbGV0ZSI6NjAwMDAwMDAwMDAwLCJ1cGRhdGUiOjYwMDAwMDAwMDAwMH19",
          "dependencies": [
            "ibm_is_vpc.PF_ITOPS_vpc"
          ]
        }
      ]
    },
    {
      "mode": "managed",
      "type": "ibm_is_vpc",
      "name": "PF_ITOPS_vpc",
      "provider": "provider.ibm",
      "instances": [
        {
          "schema_version": 0,
          "attributes": {
            "address_prefix_management": "auto",
            "classic_access": false,
            "default_network_acl": "r006-d3ef1015-8626-4b27-84c2-b4d3843c995d",
            "default_security_group": "r006-bbda68d4-b773-493c-b1a7-03839b8532b5",
            "id": "r006-cd4149ad-0e98-4761-9f4b-8efb1cbcb824",
            "is_default": null,
            "name": "pf-itops-vpc",
            "resource_controller_url": "https://cloud.ibm.com/vpc-ext/network/vpcs",
            "resource_crn": "crn:v1:bluemix:public:is:us-south:a/a3c1da9c4e4a4cdaaa92d1edeb7f4868::vpc:r006-cd4149ad-0e98-4761-9f4b-8efb1cbcb824",
            "resource_group": "fef8a58a10a945819e5d0a4027ebdb39",
            "resource_group_name": "Training",
            "resource_name": "pf-itops-vpc",
            "resource_status": "available",
            "status": "available",
            "tags": [
              "entity:pf-it-ops",
              "env:dev"
            ],
            "timeouts": null
          },
          "private": "eyJlMmJmYjczMC1lY2FhLTExZTYtOGY4OC0zNDM2M2JjN2M0YzAiOnsiY3JlYXRlIjozNjAwMDAwMDAwMDAwLCJkZWxldGUiOjM2MDAwMDAwMDAwMDB9fQ=="
        }
      ]
    }
  ]
}
