{
  "version": 4,
  "terraform_version": "0.12.20",
  "serial": 324,
  "lineage": "73af1e18-d354-b78b-4942-1be495f77b5b",
  "outputs": {
    "ngwt-instance": {
      "value": "169.48.152.96",
      "type": "string"
    },
    "private-instance": {
      "value": "10.240.0.12",
      "type": "string"
    },
    "private_sub-ipv4_cidr_block": {
      "value": "10.240.0.8/29",
      "type": "string"
    },
    "public_sub-ipv4_cidr_block": {
      "value": "10.240.0.0/29",
      "type": "string"
    }
  },
  "resources": [
    {
      "mode": "data",
      "type": "ibm_resource_group",
      "name": "Training",
      "provider": "provider.ibm",
      "instances": [
        {
          "schema_version": 0,
          "attributes": {
            "id": "fef8a58a10a945819e5d0a4027ebdb39",
            "is_default": false,
            "name": "Training"
          }
        }
      ]
    },
    {
      "mode": "managed",
      "type": "ibm_is_floating_ip",
      "name": "nat_gwt_instance_floating_ip",
      "provider": "provider.ibm",
      "instances": [
        {
          "schema_version": 0,
          "attributes": {
            "address": "169.48.152.96",
            "id": "r006-629ce635-03ff-441c-ba3b-a94e5ea98e35",
            "name": "pf-itops-nat-gwt-flt-ip",
            "resource_controller_url": "https://cloud.ibm.com/vpc-ext/network/floatingIPs",
            "resource_crn": "crn:v1:bluemix:public:is:us-south-1:a/a3c1da9c4e4a4cdaaa92d1edeb7f4868::floating-ip:r006-629ce635-03ff-441c-ba3b-a94e5ea98e35",
            "resource_group": "fef8a58a10a945819e5d0a4027ebdb39",
            "resource_group_name": "Training",
            "resource_name": "pf-itops-nat-gwt-flt-ip",
            "resource_status": "available",
            "status": "available",
            "target": "0717-b8cb010d-a840-4dd5-89dc-63d5306fbad0",
            "timeouts": null,
            "zone": "us-south-1"
          },
          "private": "eyJlMmJmYjczMC1lY2FhLTExZTYtOGY4OC0zNDM2M2JjN2M0YzAiOnsiY3JlYXRlIjo2MDAwMDAwMDAwMDAsImRlbGV0ZSI6NjAwMDAwMDAwMDAwfX0=",
          "dependencies": [
            "ibm_is_instance.nat_gwt_instance",
            "ibm_is_security_group.public",
            "ibm_is_ssh_key.ssh_Key",
            "ibm_is_subnet.public",
            "ibm_is_vpc.PF_ITOPS_vpc"
          ]
        }
      ]
    },
    {
      "mode": "managed",
      "type": "ibm_is_instance",
      "name": "nat_gwt_instance",
      "provider": "provider.ibm",
      "instances": [
        {
          "schema_version": 0,
          "attributes": {
            "boot_volume": [
              {
                "encryption": "",
                "iops": 3000,
                "name": "volume-attachment",
                "profile": "general-purpose",
                "size": 100
              }
            ],
            "generation": null,
            "gpu": [],
            "id": "0717_568ad755-985b-42a3-8308-1b5afb92d311",
            "image": "r006-d2f5be47-f7fb-4e6e-b4ab-87734fd8d12b",
            "keys": [
              "r006-21813de4-54d2-43a0-9035-d307b03e3858"
            ],
            "memory": 4,
            "name": "pf-itops-nat-gwt",
            "network_interfaces": [],
            "primary_network_interface": [
              {
                "id": "0717-b8cb010d-a840-4dd5-89dc-63d5306fbad0",
                "name": "eth0",
                "port_speed": 0,
                "primary_ipv4_address": "10.240.0.4",
                "security_groups": [
                  "r006-4f0c624e-6916-4aa6-b2be-952b2b3da007"
                ],
                "subnet": "0717-eb748264-8efd-493e-be24-db09169f2b1b"
              }
            ],
            "profile": "cp2-2x4",
            "resource_controller_url": "https://cloud.ibm.com/vpc-ext/compute/vs",
            "resource_crn": "crn:v1:bluemix:public:is:us-south-1:a/a3c1da9c4e4a4cdaaa92d1edeb7f4868::instance:0717_568ad755-985b-42a3-8308-1b5afb92d311",
            "resource_group": "fef8a58a10a945819e5d0a4027ebdb39",
            "resource_group_name": "Training",
            "resource_name": "pf-itops-nat-gwt",
            "resource_status": "running",
            "status": "running",
            "tags": [],
            "timeouts": null,
            "user_data": "#!/bin/bash\nsysctl -w net.ipv4.ip_forward=1\n/sbin/iptables -t nat -A POSTROUTING -o enp0s1 -j MASQUERADE",
            "vcpu": [
              {
                "architecture": "power",
                "count": 2
              }
            ],
            "volume_attachments": [
              {
                "id": "0717-ddd1a537-3b2f-4e4c-aec2-0797d44f09c1",
                "name": "volume-attachment",
                "volume_crn": "crn:v1:bluemix:public:is:us-south-1:a/a3c1da9c4e4a4cdaaa92d1edeb7f4868::volume:r006-91b89dd3-4dce-11ea-ad7c-feff0b330b1c",
                "volume_id": "r006-91b89dd3-4dce-11ea-ad7c-feff0b330b1c",
                "volume_name": "goofiness-silencer-schilling-lumpish-divisibly-kinship"
              }
            ],
            "volumes": [],
            "vpc": "r006-1a8d3dfd-7dd8-4c01-9ebd-9002acf735d6",
            "zone": "us-south-1"
          },
          "private": "eyJlMmJmYjczMC1lY2FhLTExZTYtOGY4OC0zNDM2M2JjN2M0YzAiOnsiY3JlYXRlIjozNjAwMDAwMDAwMDAwLCJkZWxldGUiOjM2MDAwMDAwMDAwMDB9fQ==",
          "dependencies": [
            "ibm_is_security_group.public",
            "ibm_is_ssh_key.ssh_Key",
            "ibm_is_subnet.public",
            "ibm_is_vpc.PF_ITOPS_vpc"
          ]
        }
      ]
    },
    {
      "mode": "managed",
      "type": "ibm_is_instance",
      "name": "private_instance",
      "provider": "provider.ibm",
      "instances": [
        {
          "schema_version": 0,
          "attributes": {
            "boot_volume": [
              {
                "encryption": "",
                "iops": 3000,
                "name": "volume-attachment",
                "profile": "general-purpose",
                "size": 100
              }
            ],
            "generation": null,
            "gpu": [],
            "id": "0717_ac7e23f7-bdbe-4cd8-bcbd-1d8a82c50b80",
            "image": "r006-d2f5be47-f7fb-4e6e-b4ab-87734fd8d12b",
            "keys": [
              "r006-21813de4-54d2-43a0-9035-d307b03e3858"
            ],
            "memory": 4,
            "name": "pf-itops-private",
            "network_interfaces": [],
            "primary_network_interface": [
              {
                "id": "0717-0c292377-a54e-4ceb-8017-674932b3ceb5",
                "name": "eth0",
                "port_speed": 0,
                "primary_ipv4_address": "10.240.0.12",
                "security_groups": [
                  "r006-c04d8440-d9fd-485c-bab7-72d82da705d3"
                ],
                "subnet": "0717-667b4075-d826-47ad-b126-e90b68853b00"
              }
            ],
            "profile": "cp2-2x4",
            "resource_controller_url": "https://cloud.ibm.com/vpc-ext/compute/vs",
            "resource_crn": "crn:v1:bluemix:public:is:us-south-1:a/a3c1da9c4e4a4cdaaa92d1edeb7f4868::instance:0717_ac7e23f7-bdbe-4cd8-bcbd-1d8a82c50b80",
            "resource_group": "fef8a58a10a945819e5d0a4027ebdb39",
            "resource_group_name": "Training",
            "resource_name": "pf-itops-private",
            "resource_status": "running",
            "status": "running",
            "tags": [],
            "timeouts": null,
            "user_data": null,
            "vcpu": [
              {
                "architecture": "power",
                "count": 2
              }
            ],
            "volume_attachments": [
              {
                "id": "0717-dfe5b269-2619-4092-b041-a756bcef2af7",
                "name": "volume-attachment",
                "volume_crn": "crn:v1:bluemix:public:is:us-south-1:a/a3c1da9c4e4a4cdaaa92d1edeb7f4868::volume:r006-98311e9e-4dce-11ea-ad7c-feff0b330b1c",
                "volume_id": "r006-98311e9e-4dce-11ea-ad7c-feff0b330b1c",
                "volume_name": "repressed-favored-tug-swimsuit-canal-steadier"
              }
            ],
            "volumes": [],
            "vpc": "r006-1a8d3dfd-7dd8-4c01-9ebd-9002acf735d6",
            "zone": "us-south-1"
          },
          "private": "eyJlMmJmYjczMC1lY2FhLTExZTYtOGY4OC0zNDM2M2JjN2M0YzAiOnsiY3JlYXRlIjozNjAwMDAwMDAwMDAwLCJkZWxldGUiOjM2MDAwMDAwMDAwMDB9fQ==",
          "dependencies": [
            "ibm_is_security_group.private",
            "ibm_is_ssh_key.ssh_Key",
            "ibm_is_subnet.private",
            "ibm_is_vpc.PF_ITOPS_vpc"
          ]
        }
      ]
    },
    {
      "mode": "managed",
      "type": "ibm_is_security_group",
      "name": "private",
      "provider": "provider.ibm",
      "instances": [
        {
          "schema_version": 0,
          "attributes": {
            "id": "r006-c04d8440-d9fd-485c-bab7-72d82da705d3",
            "name": "pf-itops-private-sg",
            "resource_controller_url": "https://cloud.ibm.com/vpc-ext/network/securityGroups",
            "resource_crn": "crn:v1:bluemix:public:is:us-south:a/a3c1da9c4e4a4cdaaa92d1edeb7f4868::security-group:r006-c04d8440-d9fd-485c-bab7-72d82da705d3",
            "resource_group": "fef8a58a10a945819e5d0a4027ebdb39",
            "resource_group_name": "Training",
            "resource_name": "pf-itops-private-sg",
            "rules": [
              {
                "code": 0,
                "direction": "inbound",
                "ip_version": "ipv4",
                "port_max": 0,
                "port_min": 0,
                "protocol": "all",
                "remote": "",
                "type": 0
              },
              {
                "code": 0,
                "direction": "outbound",
                "ip_version": "ipv4",
                "port_max": 0,
                "port_min": 0,
                "protocol": "all",
                "remote": "",
                "type": 0
              }
            ],
            "vpc": "r006-1a8d3dfd-7dd8-4c01-9ebd-9002acf735d6"
          },
          "private": "bnVsbA==",
          "dependencies": [
            "ibm_is_vpc.PF_ITOPS_vpc"
          ]
        }
      ]
    },
    {
      "mode": "managed",
      "type": "ibm_is_security_group",
      "name": "public",
      "provider": "provider.ibm",
      "instances": [
        {
          "schema_version": 0,
          "attributes": {
            "id": "r006-4f0c624e-6916-4aa6-b2be-952b2b3da007",
            "name": "pf-itops-public-sg",
            "resource_controller_url": "https://cloud.ibm.com/vpc-ext/network/securityGroups",
            "resource_crn": "crn:v1:bluemix:public:is:us-south:a/a3c1da9c4e4a4cdaaa92d1edeb7f4868::security-group:r006-4f0c624e-6916-4aa6-b2be-952b2b3da007",
            "resource_group": "fef8a58a10a945819e5d0a4027ebdb39",
            "resource_group_name": "Training",
            "resource_name": "pf-itops-public-sg",
            "rules": [
              {
                "code": 0,
                "direction": "outbound",
                "ip_version": "ipv4",
                "port_max": 0,
                "port_min": 0,
                "protocol": "all",
                "remote": "",
                "type": 0
              },
              {
                "code": 0,
                "direction": "inbound",
                "ip_version": "ipv4",
                "port_max": 0,
                "port_min": 0,
                "protocol": "all",
                "remote": "",
                "type": 0
              },
              {
                "code": 0,
                "direction": "inbound",
                "ip_version": "ipv4",
                "port_max": 0,
                "port_min": 0,
                "protocol": "all",
                "remote": "",
                "type": 0
              }
            ],
            "vpc": "r006-1a8d3dfd-7dd8-4c01-9ebd-9002acf735d6"
          },
          "private": "bnVsbA==",
          "dependencies": [
            "ibm_is_vpc.PF_ITOPS_vpc"
          ]
        }
      ]
    },
    {
      "mode": "managed",
      "type": "ibm_is_security_group_rule",
      "name": "private_sg_rule_all_in_from_public_subnet",
      "provider": "provider.ibm",
      "instances": [
        {
          "schema_version": 0,
          "attributes": {
            "direction": "inbound",
            "group": "r006-c04d8440-d9fd-485c-bab7-72d82da705d3",
            "icmp": [],
            "id": "r006-c04d8440-d9fd-485c-bab7-72d82da705d3.r006-70fc5632-aead-4878-8600-a57af6d7a903",
            "ip_version": "ipv4",
            "remote": "10.240.0.0/29",
            "rule_id": "r006-70fc5632-aead-4878-8600-a57af6d7a903",
            "tcp": [],
            "udp": []
          },
          "private": "bnVsbA==",
          "dependencies": [
            "ibm_is_security_group.private",
            "ibm_is_subnet.public"
          ]
        }
      ]
    },
    {
      "mode": "managed",
      "type": "ibm_is_security_group_rule",
      "name": "private_sg_rule_all_out",
      "provider": "provider.ibm",
      "instances": [
        {
          "schema_version": 0,
          "attributes": {
            "direction": "outbound",
            "group": "r006-c04d8440-d9fd-485c-bab7-72d82da705d3",
            "icmp": [],
            "id": "r006-c04d8440-d9fd-485c-bab7-72d82da705d3.r006-165710ce-6967-4ae9-b428-d2229542c9f8",
            "ip_version": "ipv4",
            "remote": "0.0.0.0/0",
            "rule_id": "r006-165710ce-6967-4ae9-b428-d2229542c9f8",
            "tcp": [],
            "udp": []
          },
          "private": "bnVsbA==",
          "dependencies": [
            "ibm_is_security_group.private",
            "ibm_is_vpc.PF_ITOPS_vpc"
          ]
        }
      ]
    },
    {
      "mode": "managed",
      "type": "ibm_is_security_group_rule",
      "name": "public_sg_rule_all_in_from_home",
      "provider": "provider.ibm",
      "instances": [
        {
          "schema_version": 0,
          "attributes": {
            "direction": "inbound",
            "group": "r006-4f0c624e-6916-4aa6-b2be-952b2b3da007",
            "icmp": [],
            "id": "r006-4f0c624e-6916-4aa6-b2be-952b2b3da007.r006-e41b3581-30dc-42b9-b1e5-cb00befe60f6",
            "ip_version": "ipv4",
            "remote": "46.193.4.20/32",
            "rule_id": "r006-e41b3581-30dc-42b9-b1e5-cb00befe60f6",
            "tcp": [],
            "udp": []
          },
          "private": "bnVsbA==",
          "dependencies": [
            "ibm_is_security_group.public"
          ]
        }
      ]
    },
    {
      "mode": "managed",
      "type": "ibm_is_security_group_rule",
      "name": "public_sg_rule_all_in_from_unicity",
      "provider": "provider.ibm",
      "instances": [
        {
          "schema_version": 0,
          "attributes": {
            "direction": "inbound",
            "group": "r006-4f0c624e-6916-4aa6-b2be-952b2b3da007",
            "icmp": [],
            "id": "r006-4f0c624e-6916-4aa6-b2be-952b2b3da007.r006-4223be20-982f-4612-b9d0-0c4a904909d3",
            "ip_version": "ipv4",
            "remote": "217.163.58.252/32",
            "rule_id": "r006-4223be20-982f-4612-b9d0-0c4a904909d3",
            "tcp": [],
            "udp": []
          },
          "private": "bnVsbA==",
          "dependencies": [
            "ibm_is_security_group.public",
            "ibm_is_vpc.PF_ITOPS_vpc"
          ]
        }
      ]
    },
    {
      "mode": "managed",
      "type": "ibm_is_security_group_rule",
      "name": "public_sg_rule_all_out",
      "provider": "provider.ibm",
      "instances": [
        {
          "schema_version": 0,
          "attributes": {
            "direction": "outbound",
            "group": "r006-4f0c624e-6916-4aa6-b2be-952b2b3da007",
            "icmp": [],
            "id": "r006-4f0c624e-6916-4aa6-b2be-952b2b3da007.r006-decedadd-e3d4-44f3-bc59-c786cc1a75e8",
            "ip_version": "ipv4",
            "remote": "0.0.0.0/0",
            "rule_id": "r006-decedadd-e3d4-44f3-bc59-c786cc1a75e8",
            "tcp": [],
            "udp": []
          },
          "private": "bnVsbA==",
          "dependencies": [
            "ibm_is_security_group.public",
            "ibm_is_vpc.PF_ITOPS_vpc"
          ]
        }
      ]
    },
    {
      "mode": "managed",
      "type": "ibm_is_ssh_key",
      "name": "ssh_Key",
      "provider": "provider.ibm",
      "instances": [
        {
          "schema_version": 0,
          "attributes": {
            "fingerprint": "SHA256:SGr3D55BlJlUAbZGaX5+KZl7WU0gF5Z9yJwfn0VKbXA",
            "id": "r006-21813de4-54d2-43a0-9035-d307b03e3858",
            "length": 4096,
            "name": "pf-itops-apares",
            "public_key": "ssh-rsa AAAAB3NzaC1yc2EAAAADAQABAAACAQDjL+9HNSOTpW/PQVeEZMP3D04HBJiPg3BcwYDxpSm++pnOH3FmtBUUq7hPa1eUzf5Hui74SWIs2jfTMaojOMzmj6O9trTyrhYGlnWDSiHK7rCbUtvkdVDNJAJo9V80+8fkq/pmrBNP1RrickHUdTaX11LwZ9XlnlhMqKKT3I1Ubtf5y0v72gST5eBefxNzbR5G+A0a9eEWNCE8nrIRi83r1zJO4qJfa/cjOH0QbQxI1QZvkS8ShcJdrlaqmWgGZyNASgqmJ1PmnmT4K80pPnahCFfQt2wT8MnBj+wIwE5TCe2VKhcE+okwUfl1RxAC3/rRHc1vz+7/WejX9l7bQ3f7p3fKjL59roqcdtxTVW8SCBgZhXT1F+sW9ErPjHjteGFp9P4tsrrGostMnutYjXnsdaZGREs68s77FGIo+a0m43NPnezcj0utFTqbzpvqHed0S4u2K3q6mn5hGhv1f4qjOATpA+FFyesJNuRCGI7PYPiOKeIJWPTqnE9r5E9nRyWe0J67xFsSOewnwfEBiezR90INe8iYszx7GOhVfEKFDMWfFZ6da9LORFUuaibTMo/VPHr5ZfGP0Dqh609pKJvdR7RJgzQI4dZkGt7qgoG08877T2BsvAB85yRifKtemGgcEGSq7+SdD+1A72osHzPG7P8k4y8BsfOYNnZUdRRX1Q==",
            "resource_controller_url": "https://cloud.ibm.com/vpc-ext/compute/sshKeys",
            "resource_crn": "crn:v1:bluemix:public:is:us-south:a/a3c1da9c4e4a4cdaaa92d1edeb7f4868::key:r006-21813de4-54d2-43a0-9035-d307b03e3858",
            "resource_group": "fef8a58a10a945819e5d0a4027ebdb39",
            "resource_group_name": "Training",
            "resource_name": "pf-itops-apares",
            "type": "rsa"
          },
          "private": "bnVsbA=="
        }
      ]
    },
    {
      "mode": "managed",
      "type": "ibm_is_subnet",
      "name": "private",
      "provider": "provider.ibm",
      "instances": [
        {
          "schema_version": 0,
          "attributes": {
            "available_ipv4_address_count": null,
            "id": "0717-667b4075-d826-47ad-b126-e90b68853b00",
            "ip_version": "ipv4",
            "ipv4_cidr_block": "10.240.0.8/29",
            "ipv6_cidr_block": "",
            "name": "pf-itops-private",
            "network_acl": "r006-4500f37e-28b5-4c9b-8ac9-0caaaee16f04",
            "public_gateway": "",
            "resource_controller_url": "https://cloud.ibm.com/vpc-ext/network/subnets",
            "resource_crn": "crn:v1:bluemix:public:is:us-south-1:a/a3c1da9c4e4a4cdaaa92d1edeb7f4868::subnet:0717-667b4075-d826-47ad-b126-e90b68853b00",
            "resource_group": "fef8a58a10a945819e5d0a4027ebdb39",
            "resource_group_name": "Training",
            "resource_name": "pf-itops-private",
            "resource_status": "available",
            "status": "available",
            "timeouts": null,
            "total_ipv4_address_count": 8,
            "vpc": "r006-1a8d3dfd-7dd8-4c01-9ebd-9002acf735d6",
            "zone": "us-south-1"
          },
          "private": "eyJlMmJmYjczMC1lY2FhLTExZTYtOGY4OC0zNDM2M2JjN2M0YzAiOnsiY3JlYXRlIjo2MDAwMDAwMDAwMDAsImRlbGV0ZSI6NjAwMDAwMDAwMDAwLCJ1cGRhdGUiOjYwMDAwMDAwMDAwMH19",
          "dependencies": [
            "ibm_is_vpc.PF_ITOPS_vpc"
          ]
        }
      ]
    },
    {
      "mode": "managed",
      "type": "ibm_is_subnet",
      "name": "public",
      "provider": "provider.ibm",
      "instances": [
        {
          "schema_version": 0,
          "attributes": {
            "available_ipv4_address_count": null,
            "id": "0717-eb748264-8efd-493e-be24-db09169f2b1b",
            "ip_version": "ipv4",
            "ipv4_cidr_block": "10.240.0.0/29",
            "ipv6_cidr_block": "",
            "name": "pf-itops-public",
            "network_acl": "r006-4500f37e-28b5-4c9b-8ac9-0caaaee16f04",
            "public_gateway": "",
            "resource_controller_url": "https://cloud.ibm.com/vpc-ext/network/subnets",
            "resource_crn": "crn:v1:bluemix:public:is:us-south-1:a/a3c1da9c4e4a4cdaaa92d1edeb7f4868::subnet:0717-eb748264-8efd-493e-be24-db09169f2b1b",
            "resource_group": "fef8a58a10a945819e5d0a4027ebdb39",
            "resource_group_name": "Training",
            "resource_name": "pf-itops-public",
            "resource_status": "available",
            "status": "available",
            "timeouts": null,
            "total_ipv4_address_count": 8,
            "vpc": "r006-1a8d3dfd-7dd8-4c01-9ebd-9002acf735d6",
            "zone": "us-south-1"
          },
          "private": "eyJlMmJmYjczMC1lY2FhLTExZTYtOGY4OC0zNDM2M2JjN2M0YzAiOnsiY3JlYXRlIjo2MDAwMDAwMDAwMDAsImRlbGV0ZSI6NjAwMDAwMDAwMDAwLCJ1cGRhdGUiOjYwMDAwMDAwMDAwMH19",
          "dependencies": [
            "ibm_is_vpc.PF_ITOPS_vpc"
          ]
        }
      ]
    },
    {
      "mode": "managed",
      "type": "ibm_is_vpc",
      "name": "PF_ITOPS_vpc",
      "provider": "provider.ibm",
      "instances": [
        {
          "schema_version": 0,
          "attributes": {
            "address_prefix_management": "auto",
            "classic_access": false,
            "default_network_acl": "r006-4500f37e-28b5-4c9b-8ac9-0caaaee16f04",
            "default_security_group": "r006-990ba7d6-40f8-47bf-994a-b950e40eaae1",
            "id": "r006-1a8d3dfd-7dd8-4c01-9ebd-9002acf735d6",
            "is_default": null,
            "name": "pf-itops-vpc",
            "resource_controller_url": "https://cloud.ibm.com/vpc-ext/network/vpcs",
            "resource_crn": "crn:v1:bluemix:public:is:us-south:a/a3c1da9c4e4a4cdaaa92d1edeb7f4868::vpc:r006-1a8d3dfd-7dd8-4c01-9ebd-9002acf735d6",
            "resource_group": "fef8a58a10a945819e5d0a4027ebdb39",
            "resource_group_name": "Training",
            "resource_name": "pf-itops-vpc",
            "resource_status": "available",
            "status": "available",
            "tags": [
              "entity:pf-it-ops",
              "env:dev"
            ],
            "timeouts": null
          },
          "private": "eyJlMmJmYjczMC1lY2FhLTExZTYtOGY4OC0zNDM2M2JjN2M0YzAiOnsiY3JlYXRlIjozNjAwMDAwMDAwMDAwLCJkZWxldGUiOjM2MDAwMDAwMDAwMDB9fQ=="
        }
      ]
    },
    {
      "mode": "managed",
      "type": "ibm_is_vpc_route",
      "name": "private_sub",
      "provider": "provider.ibm",
      "instances": [
        {
          "schema_version": 0,
          "attributes": {
            "destination": "0.0.0.0/0",
            "id": "r006-1a8d3dfd-7dd8-4c01-9ebd-9002acf735d6/r006-5e81b276-b8ec-42f8-804a-914fec045d3e",
            "name": "pf-itops-route-private",
            "next_hop": "10.240.0.4",
            "status": "stable",
            "vpc": "r006-1a8d3dfd-7dd8-4c01-9ebd-9002acf735d6",
            "zone": "us-south-1"
          },
          "private": "bnVsbA==",
          "dependencies": [
            "ibm_is_instance.nat_gwt_instance",
            "ibm_is_vpc.PF_ITOPS_vpc"
          ]
        }
      ]
    }
  ]
}
