{
  "version": 4,
  "terraform_version": "0.12.20",
  "serial": 55,
  "lineage": "73af1e18-d354-b78b-4942-1be495f77b5b",
  "outputs": {},
  "resources": [
    {
      "mode": "data",
      "type": "ibm_resource_group",
      "name": "Training",
      "provider": "provider.ibm",
      "instances": [
        {
          "schema_version": 0,
          "attributes": {
            "id": "fef8a58a10a945819e5d0a4027ebdb39",
            "is_default": false,
            "name": "Training"
          }
        }
      ]
    },
    {
      "mode": "managed",
      "type": "ibm_is_ssh_key",
      "name": "ssh_Key",
      "provider": "provider.ibm",
      "instances": [
        {
          "schema_version": 0,
          "attributes": {
            "fingerprint": "SHA256:SGr3D55BlJlUAbZGaX5+KZl7WU0gF5Z9yJwfn0VKbXA",
            "id": "r006-13d51dd2-8598-4b43-8c1d-922d14a0e2dc",
            "length": 4096,
            "name": "pf-itops-apares",
            "public_key": "ssh-rsa AAAAB3NzaC1yc2EAAAADAQABAAACAQDjL+9HNSOTpW/PQVeEZMP3D04HBJiPg3BcwYDxpSm++pnOH3FmtBUUq7hPa1eUzf5Hui74SWIs2jfTMaojOMzmj6O9trTyrhYGlnWDSiHK7rCbUtvkdVDNJAJo9V80+8fkq/pmrBNP1RrickHUdTaX11LwZ9XlnlhMqKKT3I1Ubtf5y0v72gST5eBefxNzbR5G+A0a9eEWNCE8nrIRi83r1zJO4qJfa/cjOH0QbQxI1QZvkS8ShcJdrlaqmWgGZyNASgqmJ1PmnmT4K80pPnahCFfQt2wT8MnBj+wIwE5TCe2VKhcE+okwUfl1RxAC3/rRHc1vz+7/WejX9l7bQ3f7p3fKjL59roqcdtxTVW8SCBgZhXT1F+sW9ErPjHjteGFp9P4tsrrGostMnutYjXnsdaZGREs68s77FGIo+a0m43NPnezcj0utFTqbzpvqHed0S4u2K3q6mn5hGhv1f4qjOATpA+FFyesJNuRCGI7PYPiOKeIJWPTqnE9r5E9nRyWe0J67xFsSOewnwfEBiezR90INe8iYszx7GOhVfEKFDMWfFZ6da9LORFUuaibTMo/VPHr5ZfGP0Dqh609pKJvdR7RJgzQI4dZkGt7qgoG08877T2BsvAB85yRifKtemGgcEGSq7+SdD+1A72osHzPG7P8k4y8BsfOYNnZUdRRX1Q==",
            "resource_controller_url": "https://cloud.ibm.com/vpc-ext/compute/sshKeys",
            "resource_crn": "crn:v1:bluemix:public:is:us-south:a/a3c1da9c4e4a4cdaaa92d1edeb7f4868::key:r006-13d51dd2-8598-4b43-8c1d-922d14a0e2dc",
            "resource_group": "fef8a58a10a945819e5d0a4027ebdb39",
            "resource_group_name": "Training",
            "resource_name": "pf-itops-apares",
            "type": "rsa"
          },
          "private": "bnVsbA=="
        }
      ]
    },
    {
      "mode": "managed",
      "type": "ibm_is_subnet",
      "name": "private",
      "provider": "provider.ibm",
      "instances": [
        {
          "schema_version": 0,
          "attributes": {
            "available_ipv4_address_count": null,
            "id": "0717-c4d34d58-73b3-4abc-b8e8-f91bae1b76e5",
            "ip_version": "ipv4",
            "ipv4_cidr_block": "10.240.0.8/29",
            "ipv6_cidr_block": "",
            "name": "pf-itops-private",
            "network_acl": "r006-0476dfe4-3fd6-4cff-a165-51e14f0b1e0c",
            "public_gateway": "",
            "resource_controller_url": "https://cloud.ibm.com/vpc-ext/network/subnets",
            "resource_crn": "crn:v1:bluemix:public:is:us-south-1:a/a3c1da9c4e4a4cdaaa92d1edeb7f4868::subnet:0717-c4d34d58-73b3-4abc-b8e8-f91bae1b76e5",
            "resource_group": "fef8a58a10a945819e5d0a4027ebdb39",
            "resource_group_name": "Training",
            "resource_name": "pf-itops-private",
            "resource_status": "available",
            "status": "available",
            "timeouts": null,
            "total_ipv4_address_count": 8,
            "vpc": "r006-299749fb-ffcb-4ce2-ac83-0c413ebf7a38",
            "zone": "us-south-1"
          },
          "private": "eyJlMmJmYjczMC1lY2FhLTExZTYtOGY4OC0zNDM2M2JjN2M0YzAiOnsiY3JlYXRlIjo2MDAwMDAwMDAwMDAsImRlbGV0ZSI6NjAwMDAwMDAwMDAwLCJ1cGRhdGUiOjYwMDAwMDAwMDAwMH19",
          "dependencies": [
            "ibm_is_vpc.PF_ITOPS_vpc"
          ]
        }
      ]
    },
    {
      "mode": "managed",
      "type": "ibm_is_subnet",
      "name": "public",
      "provider": "provider.ibm",
      "instances": [
        {
          "schema_version": 0,
          "attributes": {
            "available_ipv4_address_count": null,
            "id": "0717-d47e0c1f-90a3-411d-ba5a-b2376960c42f",
            "ip_version": "ipv4",
            "ipv4_cidr_block": "10.240.0.0/29",
            "ipv6_cidr_block": "",
            "name": "pf-itops-public",
            "network_acl": "r006-0476dfe4-3fd6-4cff-a165-51e14f0b1e0c",
            "public_gateway": "",
            "resource_controller_url": "https://cloud.ibm.com/vpc-ext/network/subnets",
            "resource_crn": "crn:v1:bluemix:public:is:us-south-1:a/a3c1da9c4e4a4cdaaa92d1edeb7f4868::subnet:0717-d47e0c1f-90a3-411d-ba5a-b2376960c42f",
            "resource_group": "fef8a58a10a945819e5d0a4027ebdb39",
            "resource_group_name": "Training",
            "resource_name": "pf-itops-public",
            "resource_status": "available",
            "status": "available",
            "timeouts": null,
            "total_ipv4_address_count": 8,
            "vpc": "r006-299749fb-ffcb-4ce2-ac83-0c413ebf7a38",
            "zone": "us-south-1"
          },
          "private": "eyJlMmJmYjczMC1lY2FhLTExZTYtOGY4OC0zNDM2M2JjN2M0YzAiOnsiY3JlYXRlIjo2MDAwMDAwMDAwMDAsImRlbGV0ZSI6NjAwMDAwMDAwMDAwLCJ1cGRhdGUiOjYwMDAwMDAwMDAwMH19",
          "dependencies": [
            "ibm_is_vpc.PF_ITOPS_vpc"
          ]
        }
      ]
    },
    {
      "mode": "managed",
      "type": "ibm_is_vpc",
      "name": "PF_ITOPS_vpc",
      "provider": "provider.ibm",
      "instances": [
        {
          "schema_version": 0,
          "attributes": {
            "address_prefix_management": "auto",
            "classic_access": false,
            "default_network_acl": "r006-0476dfe4-3fd6-4cff-a165-51e14f0b1e0c",
            "default_security_group": "r006-4ee4b5cc-55cc-4c52-a625-933cd53e0d81",
            "id": "r006-299749fb-ffcb-4ce2-ac83-0c413ebf7a38",
            "is_default": null,
            "name": "pf-itops-vpc",
            "resource_controller_url": "https://cloud.ibm.com/vpc-ext/network/vpcs",
            "resource_crn": "crn:v1:bluemix:public:is:us-south:a/a3c1da9c4e4a4cdaaa92d1edeb7f4868::vpc:r006-299749fb-ffcb-4ce2-ac83-0c413ebf7a38",
            "resource_group": "fef8a58a10a945819e5d0a4027ebdb39",
            "resource_group_name": "Training",
            "resource_name": "pf-itops-vpc",
            "resource_status": "available",
            "status": "available",
            "tags": [
              "entity:PF-IT-OPS",
              "env:dev"
            ],
            "timeouts": null
          },
          "private": "eyJlMmJmYjczMC1lY2FhLTExZTYtOGY4OC0zNDM2M2JjN2M0YzAiOnsiY3JlYXRlIjozNjAwMDAwMDAwMDAwLCJkZWxldGUiOjM2MDAwMDAwMDAwMDB9fQ=="
        }
      ]
    }
  ]
}
